<?xml version="1.0" encoding="utf-8"?>
<Project ToolsVersion="4.0" xmlns="http://schemas.microsoft.com/developer/msbuild/2003">
  <ItemGroup>
    <ClCompile Include="mimikatz.c" />
    <ClCompile Include="modules\kuhl_m_standard.c">
      <Filter>local modules</Filter>
    </ClCompile>
    <ClCompile Include="modules\kuhl_m_crypto.c">
      <Filter>local modules</Filter>
    </ClCompile>
    <ClCompile Include="..\modules\kull_m_memory.c">
      <Filter>common modules</Filter>
    </ClCompile>
    <ClCompile Include="..\modules\kull_m_minidump.c">
      <Filter>common modules</Filter>
    </ClCompile>
    <ClCompile Include="..\modules\kull_m_process.c">
      <Filter>common modules</Filter>
    </ClCompile>
    <ClCompile Include="..\modules\kull_m_service.c">
      <Filter>common modules</Filter>
    </ClCompile>
    <ClCompile Include="..\modules\kull_m_string.c">
      <Filter>common modules</Filter>
    </ClCompile>
    <ClCompile Include="..\modules\kull_m_file.c">
      <Filter>common modules</Filter>
    </ClCompile>
    <ClCompile Include="..\modules\kull_m_registry.c">
      <Filter>common modules</Filter>
    </ClCompile>
    <ClCompile Include="..\modules\kull_m_patch.c">
      <Filter>common modules</Filter>
    </ClCompile>
    <ClCompile Include="..\modules\kull_m_output.c">
      <Filter>common modules</Filter>
    </ClCompile>
    <ClCompile Include="..\modules\kull_m_handle.c">
      <Filter>common modules</Filter>
    </ClCompile>
    <ClCompile Include="..\modules\kull_m_token.c">
      <Filter>common modules</Filter>
    </ClCompile>
    <ClCompile Include="..\modules\kull_m_net.c">
      <Filter>common modules</Filter>
    </ClCompile>
    <ClCompile Include="..\modules\kull_m_kernel.c">
      <Filter>common modules</Filter>
    </ClCompile>
    <ClCompile Include="..\modules\kull_m_asn1.c">
      <Filter>common modules</Filter>
    </ClCompile>
    <ClCompile Include="..\modules\kull_m_remotelib.c">
      <Filter>common modules</Filter>
    </ClCompile>
    <ClCompile Include="..\modules\kull_m_dpapi.c">
      <Filter>common modules</Filter>
    </ClCompile>
    <ClCompile Include="..\modules\kull_m_crypto.c">
      <Filter>common modules</Filter>
    </ClCompile>
    <ClCompile Include="..\modules\kull_m_key.c">
      <Filter>common modules</Filter>
    </ClCompile>
    <ClCompile Include="..\modules\kull_m_cred.c">
      <Filter>common modules</Filter>
    </ClCompile>
    <ClCompile Include="..\modules\kull_m_busylight.c">
      <Filter>common modules</Filter>
    </ClCompile>
    <ClCompile Include="..\modules\sqlite3_omit.c">
      <Filter>common modules</Filter>
    </ClCompile>
    <ClCompile Include="..\modules\kull_m_xml.c">
      <Filter>common modules</Filter>
    </ClCompile>
    <ClCompile Include="modules\crypto\kuhl_m_crypto_extractor.c">
      <Filter>local modules\crypto</Filter>
    </ClCompile>
    <ClCompile Include="..\modules\kull_m_sr98.c">
      <Filter>common modules</Filter>
    </ClCompile>
    <ClCompile Include="..\modules\kull_m_cabinet.c">
      <Filter>common modules</Filter>
    </ClCompile>
    <ClCompile Include="modules\crypto\kuhl_m_crypto_patch.c">
      <Filter>local modules\crypto</Filter>
    </ClCompile>
    <ClCompile Include="modules\crypto\kuhl_m_crypto_sc.c">
      <Filter>local modules\crypto</Filter>
    </ClCompile>
    <ClCompile Include="..\modules\kull_m_rdm.c">
      <Filter>common modules</Filter>
    </ClCompile>
    <ClCompile Include="..\modules\kull_m_hid.c">
      <Filter>common modules</Filter>
    </ClCompile>
    <ClCompile Include="..\modules\kull_m_pipe.c">
      <Filter>common modules</Filter>
    </ClCompile>
    <ClCompile Include="..\modules\kull_m_pn532.c">
      <Filter>common modules</Filter>
    </ClCompile>
    <ClCompile Include="..\modules\kull_m_acr.c">
      <Filter>common modules</Filter>
    </ClCompile>
    <ClCompile Include="..\modules\rpc\kull_m_rpc.c">
      <Filter>common modules</Filter>
    </ClCompile>
    <ClCompile Include="..\modules\rpc\kull_m_rpc_bkrp.c">
      <Filter>common modules</Filter>
    </ClCompile>
    <ClCompile Include="..\modules\rpc\kull_m_rpc_dpapi-entries.c">
      <Filter>common modules</Filter>
    </ClCompile>
    <ClCompile Include="..\modules\rpc\kull_m_rpc_ms-bkrp_c.c">
      <Filter>common modules</Filter>
    </ClCompile>
    <ClCompile Include="..\modules\rpc\kull_m_rpc_ms-claims.c">
      <Filter>common modules</Filter>
    </ClCompile>
    <ClCompile Include="..\modules\rpc\kull_m_rpc_ms-credentialkeys.c">
      <Filter>common modules</Filter>
    </ClCompile>
    <ClCompile Include="..\modules\rpc\kull_m_rpc_ms-pac.c">
      <Filter>common modules</Filter>
    </ClCompile>
  </ItemGroup>
  <ItemGroup>
    <ClInclude Include="mimikatz.h" />
    <ClInclude Include="modules\kuhl_m.h">
      <Filter>local modules</Filter>
    </ClInclude>
    <ClInclude Include="modules\kuhl_m_standard.h">
      <Filter>local modules</Filter>
    </ClInclude>
    <ClInclude Include="modules\kuhl_m_crypto.h">
      <Filter>local modules</Filter>
    </ClInclude>
    <ClInclude Include="..\modules\kull_m_memory.h">
      <Filter>common modules</Filter>
    </ClInclude>
    <ClInclude Include="..\modules\kull_m_minidump.h">
      <Filter>common modules</Filter>
    </ClInclude>
    <ClInclude Include="..\modules\kull_m_process.h">
      <Filter>common modules</Filter>
    </ClInclude>
    <ClInclude Include="..\modules\kull_m_service.h">
      <Filter>common modules</Filter>
    </ClInclude>
    <ClInclude Include="..\modules\kull_m_string.h">
      <Filter>common modules</Filter>
    </ClInclude>
    <ClInclude Include="..\modules\kull_m_file.h">
      <Filter>common modules</Filter>
    </ClInclude>
    <ClInclude Include="..\modules\kull_m_registry.h">
      <Filter>common modules</Filter>
    </ClInclude>
    <ClInclude Include="..\modules\kull_m_registry_structures.h">
      <Filter>common modules</Filter>
    </ClInclude>
    <ClInclude Include="..\modules\kull_m_patch.h">
      <Filter>common modules</Filter>
    </ClInclude>
    <ClInclude Include="..\modules\kull_m_crypto_system.h">
      <Filter>common modules</Filter>
    </ClInclude>
    <ClInclude Include="..\modules\kull_m_output.h">
      <Filter>common modules</Filter>
    </ClInclude>
    <ClInclude Include="..\modules\kull_m_handle.h">
      <Filter>common modules</Filter>
    </ClInclude>
    <ClInclude Include="..\modules\kull_m_token.h">
      <Filter>common modules</Filter>
    </ClInclude>
    <ClInclude Include="..\modules\kull_m_net.h">
      <Filter>common modules</Filter>
    </ClInclude>
    <ClInclude Include="..\modules\kull_m_kernel.h">
      <Filter>common modules</Filter>
    </ClInclude>
    <ClInclude Include="..\modules\kull_m_asn1.h">
      <Filter>common modules</Filter>
    </ClInclude>
    <ClInclude Include="..\modules\kull_m_samlib.h">
      <Filter>common modules</Filter>
    </ClInclude>
    <ClInclude Include="..\modules\kull_m_remotelib.h">
      <Filter>common modules</Filter>
    </ClInclude>
    <ClInclude Include="..\modules\kull_m_dpapi.h">
      <Filter>common modules</Filter>
    </ClInclude>
    <ClInclude Include="..\modules\kull_m_crypto.h">
      <Filter>common modules</Filter>
    </ClInclude>
    <ClInclude Include="..\modules\kull_m_key.h">
      <Filter>common modules</Filter>
    </ClInclude>
    <ClInclude Include="..\modules\kull_m_cred.h">
      <Filter>common modules</Filter>
    </ClInclude>
    <ClInclude Include="..\modules\kull_m_busylight.h">
      <Filter>common modules</Filter>
    </ClInclude>
    <ClInclude Include="..\modules\sqlite3_omit.h">
      <Filter>common modules</Filter>
    </ClInclude>
    <ClInclude Include="..\modules\kull_m_xml.h">
      <Filter>common modules</Filter>
    </ClInclude>
    <ClInclude Include="modules\crypto\kuhl_m_crypto_extractor.h">
      <Filter>local modules\crypto</Filter>
    </ClInclude>
    <ClInclude Include="..\modules\kull_m_sr98.h">
      <Filter>common modules</Filter>
    </ClInclude>
    <ClInclude Include="..\modules\kull_m_cabinet.h">
      <Filter>common modules</Filter>
    </ClInclude>
    <ClInclude Include="modules\crypto\kuhl_m_crypto_patch.h">
      <Filter>local modules\crypto</Filter>
    </ClInclude>
    <ClInclude Include="modules\crypto\kuhl_m_crypto_sc.h">
      <Filter>local modules\crypto</Filter>
    </ClInclude>
    <ClInclude Include="..\modules\kull_m_rdm.h">
      <Filter>common modules</Filter>
    </ClInclude>
    <ClInclude Include="..\modules\kull_m_hid.h">
      <Filter>common modules</Filter>
    </ClInclude>
    <ClInclude Include="..\modules\kull_m_pipe.h">
      <Filter>common modules</Filter>
    </ClInclude>
    <ClInclude Include="..\modules\kull_m_pn532.h">
      <Filter>common modules</Filter>
    </ClInclude>
    <ClInclude Include="..\modules\kull_m_acr.h">
      <Filter>common modules</Filter>
    </ClInclude>
    <ClInclude Include="resource.h" />
    <ClInclude Include="..\modules\rpc\kull_m_rpc.h">
      <Filter>common modules</Filter>
    </ClInclude>
    <ClInclude Include="..\modules\rpc\kull_m_rpc_bkrp.h">
      <Filter>common modules</Filter>
    </ClInclude>
    <ClInclude Include="..\modules\rpc\kull_m_rpc_dpapi-entries.h">
      <Filter>common modules</Filter>
    </ClInclude>
    <ClInclude Include="..\modules\rpc\kull_m_rpc_ms-bkrp.h">
      <Filter>common modules</Filter>
    </ClInclude>
    <ClInclude Include="..\modules\rpc\kull_m_rpc_ms-claims.h">
      <Filter>common modules</Filter>
    </ClInclude>
    <ClInclude Include="..\modules\rpc\kull_m_rpc_ms-credentialkeys.h">
      <Filter>common modules</Filter>
    </ClInclude>
    <ClInclude Include="..\modules\rpc\kull_m_rpc_ms-pac.h">
      <Filter>common modules</Filter>
    </ClInclude>
  </ItemGroup>
  <ItemGroup>
    <Filter Include="local modules">
      <UniqueIdentifier>{d7662bba-482f-4e4e-b70e-684a0ed816a3}</UniqueIdentifier>
    </Filter>
    <Filter Include="common modules">
      <UniqueIdentifier>{ec0aa01a-68b1-4d2d-8b9c-5725a903bd92}</UniqueIdentifier>
      <Extensions>
      </Extensions>
    </Filter>
    <Filter Include="local modules\crypto">
      <UniqueIdentifier>{de3bf270-ef33-4d83-bec2-77c4450b411a}</UniqueIdentifier>
    </Filter>
  </ItemGroup>
  <ItemGroup>
    <ResourceCompile Include="mimikatz.rc" />
  </ItemGroup>
  <ItemGroup>
    <Image Include="maaaaz.ico" />
  </ItemGroup>
</Project>